{
  "requires": true,
  "lockfileVersion": 1,
  "dependencies": {
    "@fortawesome/fontawesome-free": {
      "version": "5.15.1",
      "resolved": "https://registry.npmjs.org/@fortawesome/fontawesome-free/-/fontawesome-free-5.15.1.tgz",
      "integrity": "sha512-OEdH7SyC1suTdhBGW91/zBfR6qaIhThbcN8PUXtXilY4GYnSBbVqOntdHbC1vXwsDnX0Qix2m2+DSU1J51ybOQ=="
    },
    "bootstrap": {
      "version": "4.5.3",
      "resolved": "https://registry.npmjs.org/bootstrap/-/bootstrap-4.5.3.tgz",
      "integrity": "sha512-o9ppKQioXGqhw8Z7mah6KdTYpNQY//tipnkxppWhPbiSWdD+1raYsnhwEZjkTHYbGee4cVQ0Rx65EhOY/HNLcQ=="
    },
    "cropperjs": {
      "version": "1.5.11",
      "resolved": "https://registry.npmjs.org/cropperjs/-/cropperjs-1.5.11.tgz",
      "integrity": "sha512-SJUeBBhtNBnnn+UrLKluhFRIXLJn7XFPv8QN1j49X5t+BIMwkgvDev541f96bmu8Xe0TgCx3gON22KmY/VddaA=="
    },
    "lightbox2": {
      "version": "2.11.3",
      "resolved": "https://registry.npmjs.org/lightbox2/-/lightbox2-2.11.3.tgz",
      "integrity": "sha512-Q4v6il/OK9ttgEkAxSok/jrI/LUbqTrePFchqP2x/59qaDIZgJjEEc5Xf7peSMc/55Zo5PAgmX6EiN/BeEeUBQ=="
    }
  }
}
